Microsoft Visual Studio Solution File, Format Version 12.00
# Visual Studio Version 17
VisualStudioVersion = 17.5.2.0
MinimumVisualStudioVersion = 10.0.40219.1
Project("{FAE04EC0-301F-11D3-BF4B-00C04F79EFBC}") = "eCommers.Core", "eCommers.Core.csproj", "{C6E58391-0A9E-37C7-368C-C27F6CE24614}"
EndProject
Global
	GlobalSection(SolutionConfigurationPlatforms) = preSolution
		Debug|Any CPU = Debug|Any CPU
		Release|Any CPU = Release|Any CPU
	EndGlobalSection
	GlobalSection(ProjectConfigurationPlatforms) = postSolution
		{C6E58391-0A9E-37C7-368C-C27F6CE24614}.Debug|Any CPU.ActiveCfg = Debug|Any CPU
		{C6E58391-0A9E-37C7-368C-C27F6CE24614}.Debug|Any CPU.Build.0 = Debug|Any CPU
		{C6E58391-0A9E-37C7-368C-C27F6CE24614}.Release|Any CPU.ActiveCfg = Release|Any CPU
		{C6E58391-0A9E-37C7-368C-C27F6CE24614}.Release|Any CPU.Build.0 = Release|Any CPU
	EndGlobalSection
	GlobalSection(SolutionProperties) = preSolution
		HideSolutionNode = FALSE
	EndGlobalSection
	GlobalSection(ExtensibilityGlobals) = postSolution
		SolutionGuid = {D58049B7-3EED-4628-8933-F63C54E3F823}
	EndGlobalSection
EndGlobal
