Microsoft Visual Studio Solution File, Format Version 12.00
# Visual Studio Version 17
VisualStudioVersion = 17.5.2.0
MinimumVisualStudioVersion = 10.0.40219.1
Project("{FAE04EC0-301F-11D3-BF4B-00C04F79EFBC}") = "eCommers.Infrastructure", "eCommers.Infrastructure.csproj", "{924010CB-E5F8-CD54-2A7F-B32CBFCECC07}"
EndProject
Global
	GlobalSection(SolutionConfigurationPlatforms) = preSolution
		Debug|Any CPU = Debug|Any CPU
		Release|Any CPU = Release|Any CPU
	EndGlobalSection
	GlobalSection(ProjectConfigurationPlatforms) = postSolution
		{924010CB-E5F8-CD54-2A7F-B32CBFCECC07}.Debug|Any CPU.ActiveCfg = Debug|Any CPU
		{924010CB-E5F8-CD54-2A7F-B32CBFCECC07}.Debug|Any CPU.Build.0 = Debug|Any CPU
		{924010CB-E5F8-CD54-2A7F-B32CBFCECC07}.Release|Any CPU.ActiveCfg = Release|Any CPU
		{924010CB-E5F8-CD54-2A7F-B32CBFCECC07}.Release|Any CPU.Build.0 = Release|Any CPU
	EndGlobalSection
	GlobalSection(SolutionProperties) = preSolution
		HideSolutionNode = FALSE
	EndGlobalSection
	GlobalSection(ExtensibilityGlobals) = postSolution
		SolutionGuid = {1C82B081-391A-4BAE-A72D-A28E6BB5851B}
	EndGlobalSection
EndGlobal
